# This file is generated by gogradle automatically, you should NEVER modify it manually.
---
apiVersion: "0.9.3"
dependencies:
  build:
  - vcs: "git"
    name: "cloud.google.com/go"
    commit: "886a352b5556c65a6b05c4069222ba050418fb47"
    url: "https://code.googlesource.com/gocloud"
    transitive: false
  - urls:
    - "https://github.com/apache/thrift.git"
    - "git@github.com:apache/thrift.git"
    vcs: "git"
    name: "git.apache.org/thrift.git"
    commit: "88591e32e710a0524327153c8b629d5b461e35e0"
    subpackages:
    - "lib/go/thrift"
    transitive: false
  - urls:
    - "https://github.com/Shopify/sarama.git"
    - "git@github.com:Shopify/sarama.git"
    vcs: "git"
    name: "github.com/Shopify/sarama"
    commit: "46cf3e2cf1acef7876068f66cf69ec31aad2d0b2"
    transitive: false
  - urls:
    - "https://github.com/armon/consul-api.git"
    - "git@github.com:armon/consul-api.git"
    vcs: "git"
    name: "github.com/armon/consul-api"
    commit: "eb2c6b5be1b66bab83016e0b05f01b8d5496ffbd"
    transitive: false
  - name: "github.com/beorn7/perks"
    host:
      name: "github.com/coreos/etcd"
      commit: "b56fc94829d989589a71a64d89494614217b65a7"
      urls:
      - "https://github.com/coreos/etcd.git"
      - "git@github.com:coreos/etcd.git"
      vcs: "git"
    vendorPath: "vendor/github.com/beorn7/perks"
    transitive: false
  - name: "github.com/bgentry/speakeasy"
    host:
      name: "github.com/coreos/etcd"
      commit: "b56fc94829d989589a71a64d89494614217b65a7"
      urls:
      - "https://github.com/coreos/etcd.git"
      - "git@github.com:coreos/etcd.git"
      vcs: "git"
    vendorPath: "vendor/github.com/bgentry/speakeasy"
    transitive: false
  - urls:
    - "https://github.com/chzyer/readline.git"
    - "git@github.com:chzyer/readline.git"
    vcs: "git"
    name: "github.com/chzyer/readline"
    commit: "2972be24d48e78746da79ba8e24e8b488c9880de"
    transitive: false
  - name: "github.com/coreos/bbolt"
    host:
      name: "github.com/coreos/etcd"
      commit: "b56fc94829d989589a71a64d89494614217b65a7"
      urls:
      - "https://github.com/coreos/etcd.git"
      - "git@github.com:coreos/etcd.git"
      vcs: "git"
    vendorPath: "vendor/github.com/coreos/bbolt"
    transitive: false
  - urls:
    - "https://github.com/coreos/etcd.git"
    - "git@github.com:coreos/etcd.git"
    vcs: "git"
    name: "github.com/coreos/etcd"
    commit: "b56fc94829d989589a71a64d89494614217b65a7"
    transitive: false
  - name: "github.com/coreos/go-semver"
    host:
      name: "github.com/coreos/etcd"
      commit: "b56fc94829d989589a71a64d89494614217b65a7"
      urls:
      - "https://github.com/coreos/etcd.git"
      - "git@github.com:coreos/etcd.git"
      vcs: "git"
    vendorPath: "vendor/github.com/coreos/go-semver"
    transitive: false
  - name: "github.com/coreos/go-systemd"
    host:
      name: "github.com/coreos/etcd"
      commit: "b56fc94829d989589a71a64d89494614217b65a7"
      urls:
      - "https://github.com/coreos/etcd.git"
      - "git@github.com:coreos/etcd.git"
      vcs: "git"
    vendorPath: "vendor/github.com/coreos/go-systemd"
    transitive: false
  - name: "github.com/coreos/pkg"
    host:
      name: "github.com/coreos/etcd"
      commit: "b56fc94829d989589a71a64d89494614217b65a7"
      urls:
      - "https://github.com/coreos/etcd.git"
      - "git@github.com:coreos/etcd.git"
      vcs: "git"
    vendorPath: "vendor/github.com/coreos/pkg"
    transitive: false
  - urls:
    - "https://github.com/cpuguy83/go-md2man.git"
    - "git@github.com:cpuguy83/go-md2man.git"
    vcs: "git"
    name: "github.com/cpuguy83/go-md2man"
    commit: "691ee98543af2f262f35fbb54bdd42f00b9b9cc5"
    transitive: false
  - urls:
    - "https://github.com/davecgh/go-spew.git"
    - "git@github.com:davecgh/go-spew.git"
    vcs: "git"
    name: "github.com/davecgh/go-spew"
    commit: "8991bc29aa16c548c550c7ff78260e27b9ab7c73"
    transitive: false
  - name: "github.com/dgrijalva/jwt-go"
    host:
      name: "github.com/coreos/etcd"
      commit: "b56fc94829d989589a71a64d89494614217b65a7"
      urls:
      - "https://github.com/coreos/etcd.git"
      - "git@github.com:coreos/etcd.git"
      vcs: "git"
    vendorPath: "vendor/github.com/dgrijalva/jwt-go"
    transitive: false
  - name: "github.com/dustin/go-humanize"
    host:
      name: "github.com/coreos/etcd"
      commit: "b56fc94829d989589a71a64d89494614217b65a7"
      urls:
      - "https://github.com/coreos/etcd.git"
      - "git@github.com:coreos/etcd.git"
      vcs: "git"
    vendorPath: "vendor/github.com/dustin/go-humanize"
    transitive: false
  - urls:
    - "https://github.com/eapache/go-resiliency.git"
    - "git@github.com:eapache/go-resiliency.git"
    vcs: "git"
    name: "github.com/eapache/go-resiliency"
    commit: "ea41b0fad31007accc7f806884dcdf3da98b79ce"
    transitive: false
  - urls:
    - "https://github.com/eapache/go-xerial-snappy.git"
    - "git@github.com:eapache/go-xerial-snappy.git"
    vcs: "git"
    name: "github.com/eapache/go-xerial-snappy"
    commit: "bb955e01b9346ac19dc29eb16586c90ded99a98c"
    transitive: false
  - urls:
    - "https://github.com/eapache/queue.git"
    - "git@github.com:eapache/queue.git"
    vcs: "git"
    name: "github.com/eapache/queue"
    commit: "093482f3f8ce946c05bcba64badd2c82369e084d"
    transitive: false
  - urls:
    - "https://github.com/fsnotify/fsnotify.git"
    - "git@github.com:fsnotify/fsnotify.git"
    vcs: "git"
    name: "github.com/fsnotify/fsnotify"
    commit: "c2828203cd70a50dcccfb2761f8b1f8ceef9a8e9"
    transitive: false
  - name: "github.com/ghodss/yaml"
    host:
      name: "github.com/coreos/etcd"
      commit: "b56fc94829d989589a71a64d89494614217b65a7"
      urls:
      - "https://github.com/coreos/etcd.git"
      - "git@github.com:coreos/etcd.git"
      vcs: "git"
    vendorPath: "vendor/github.com/ghodss/yaml"
    transitive: false
  - name: "github.com/gogo/protobuf"
    host:
      name: "github.com/coreos/etcd"
      commit: "b56fc94829d989589a71a64d89494614217b65a7"
      urls:
      - "https://github.com/coreos/etcd.git"
      - "git@github.com:coreos/etcd.git"
      vcs: "git"
    vendorPath: "vendor/github.com/gogo/protobuf"
    transitive: false
  - urls:
    - "https://github.com/golang/glog.git"
    - "git@github.com:golang/glog.git"
    vcs: "git"
    name: "github.com/golang/glog"
    commit: "23def4e6c14b4da8ac2ed8007337bc5eb5007998"
    transitive: false
  - name: "github.com/golang/groupcache"
    host:
      name: "github.com/coreos/etcd"
      commit: "b56fc94829d989589a71a64d89494614217b65a7"
      urls:
      - "https://github.com/coreos/etcd.git"
      - "git@github.com:coreos/etcd.git"
      vcs: "git"
    vendorPath: "vendor/github.com/golang/groupcache"
    transitive: false
  - urls:
    - "https://github.com/golang/mock.git"
    - "git@github.com:golang/mock.git"
    vcs: "git"
    name: "github.com/golang/mock"
    commit: "22bbf0ddf08105dfa364d0a2fa619dfa71014af5"
    transitive: false
  - urls:
    - "https://github.com/golang/protobuf.git"
    - "git@github.com:golang/protobuf.git"
    vcs: "git"
    name: "github.com/golang/protobuf"
    commit: "9eb2c01ac278a5d89ce4b2be68fe4500955d8179"
    transitive: false
  - urls:
    - "https://github.com/golang/snappy.git"
    - "git@github.com:golang/snappy.git"
    vcs: "git"
    name: "github.com/golang/snappy"
    commit: "2e65f85255dbc3072edf28d6b5b8efc472979f5a"
    transitive: false
  - name: "github.com/google/btree"
    host:
      name: "github.com/coreos/etcd"
      commit: "b56fc94829d989589a71a64d89494614217b65a7"
      urls:
      - "https://github.com/coreos/etcd.git"
      - "git@github.com:coreos/etcd.git"
      vcs: "git"
    vendorPath: "vendor/github.com/google/btree"
    transitive: false
  - urls:
    - "https://github.com/google/go-cmp.git"
    - "git@github.com:google/go-cmp.git"
    vcs: "git"
    name: "github.com/google/go-cmp"
    commit: "5411ab924f9ffa6566244a9e504bc347edacffd3"
    transitive: false
  - urls:
    - "https://github.com/google/martian.git"
    - "git@github.com:google/martian.git"
    vcs: "git"
    name: "github.com/google/martian"
    commit: "412d6c62968910b965c4d374abc8f3de72986a06"
    transitive: false
  - urls:
    - "https://github.com/google/pprof.git"
    - "git@github.com:google/pprof.git"
    vcs: "git"
    name: "github.com/google/pprof"
    commit: "2b5d4350d687b058368c98ab141d34d08162ec7b"
    transitive: false
  - urls:
    - "https://github.com/googleapis/gax-go.git"
    - "git@github.com:googleapis/gax-go.git"
    vcs: "git"
    name: "github.com/googleapis/gax-go"
    commit: "254b60fe060127b9fd3c420fadd0906bf0382227"
    transitive: false
  - name: "github.com/gorilla/websocket"
    host:
      name: "github.com/coreos/etcd"
      commit: "b56fc94829d989589a71a64d89494614217b65a7"
      urls:
      - "https://github.com/coreos/etcd.git"
      - "git@github.com:coreos/etcd.git"
      vcs: "git"
    vendorPath: "vendor/github.com/gorilla/websocket"
    transitive: false
  - name: "github.com/grpc-ecosystem/go-grpc-middleware"
    host:
      name: "github.com/coreos/etcd"
      commit: "b56fc94829d989589a71a64d89494614217b65a7"
      urls:
      - "https://github.com/coreos/etcd.git"
      - "git@github.com:coreos/etcd.git"
      vcs: "git"
    vendorPath: "vendor/github.com/grpc-ecosystem/go-grpc-middleware"
    transitive: false
  - name: "github.com/grpc-ecosystem/go-grpc-prometheus"
    host:
      name: "github.com/coreos/etcd"
      commit: "b56fc94829d989589a71a64d89494614217b65a7"
      urls:
      - "https://github.com/coreos/etcd.git"
      - "git@github.com:coreos/etcd.git"
      vcs: "git"
    vendorPath: "vendor/github.com/grpc-ecosystem/go-grpc-prometheus"
    transitive: false
  - name: "github.com/grpc-ecosystem/grpc-gateway"
    host:
      name: "github.com/coreos/etcd"
      commit: "b56fc94829d989589a71a64d89494614217b65a7"
      urls:
      - "https://github.com/coreos/etcd.git"
      - "git@github.com:coreos/etcd.git"
      vcs: "git"
    vendorPath: "vendor/github.com/grpc-ecosystem/grpc-gateway"
    transitive: false
  - urls:
    - "https://github.com/hashicorp/hcl.git"
    - "git@github.com:hashicorp/hcl.git"
    vcs: "git"
    name: "github.com/hashicorp/hcl"
    commit: "ef8a98b0bbce4a65b5aa4c368430a80ddc533168"
    transitive: false
  - urls:
    - "https://github.com/ianlancetaylor/demangle.git"
    - "git@github.com:ianlancetaylor/demangle.git"
    vcs: "git"
    name: "github.com/ianlancetaylor/demangle"
    commit: "fc6590592b44fedfff586c5d94647c090fbd6bac"
    transitive: false
  - name: "github.com/inconshreveable/mousetrap"
    host:
      name: "github.com/coreos/etcd"
      commit: "b56fc94829d989589a71a64d89494614217b65a7"
      urls:
      - "https://github.com/coreos/etcd.git"
      - "git@github.com:coreos/etcd.git"
      vcs: "git"
    vendorPath: "vendor/github.com/inconshreveable/mousetrap"
    transitive: false
  - name: "github.com/jonboulle/clockwork"
    host:
      name: "github.com/coreos/etcd"
      commit: "b56fc94829d989589a71a64d89494614217b65a7"
      urls:
      - "https://github.com/coreos/etcd.git"
      - "git@github.com:coreos/etcd.git"
      vcs: "git"
    vendorPath: "vendor/github.com/jonboulle/clockwork"
    transitive: false
  - urls:
    - "https://github.com/kr/fs.git"
    - "git@github.com:kr/fs.git"
    vcs: "git"
    name: "github.com/kr/fs"
    commit: "1455def202f6e05b95cc7bfc7e8ae67ae5141eba"
    transitive: false
  - name: "github.com/kr/pty"
    host:
      name: "github.com/coreos/etcd"
      commit: "b56fc94829d989589a71a64d89494614217b65a7"
      urls:
      - "https://github.com/coreos/etcd.git"
      - "git@github.com:coreos/etcd.git"
      vcs: "git"
    vendorPath: "vendor/github.com/kr/pty"
    transitive: false
  - urls:
    - "https://github.com/magiconair/properties.git"
    - "git@github.com:magiconair/properties.git"
    vcs: "git"
    name: "github.com/magiconair/properties"
    commit: "c2353362d570a7bfa228149c62842019201cfb71"
    transitive: false
  - name: "github.com/mattn/go-runewidth"
    host:
      name: "github.com/coreos/etcd"
      commit: "b56fc94829d989589a71a64d89494614217b65a7"
      urls:
      - "https://github.com/coreos/etcd.git"
      - "git@github.com:coreos/etcd.git"
      vcs: "git"
    vendorPath: "vendor/github.com/mattn/go-runewidth"
    transitive: false
  - name: "github.com/matttproud/golang_protobuf_extensions"
    host:
      name: "github.com/coreos/etcd"
      commit: "b56fc94829d989589a71a64d89494614217b65a7"
      urls:
      - "https://github.com/coreos/etcd.git"
      - "git@github.com:coreos/etcd.git"
      vcs: "git"
    vendorPath: "vendor/github.com/matttproud/golang_protobuf_extensions"
    transitive: false
  - urls:
    - "https://github.com/mitchellh/go-homedir.git"
    - "git@github.com:mitchellh/go-homedir.git"
    vcs: "git"
    name: "github.com/mitchellh/go-homedir"
    commit: "3864e76763d94a6df2f9960b16a20a33da9f9a66"
    transitive: false
  - urls:
    - "https://github.com/mitchellh/mapstructure.git"
    - "git@github.com:mitchellh/mapstructure.git"
    vcs: "git"
    name: "github.com/mitchellh/mapstructure"
    commit: "bb74f1db0675b241733089d5a1faa5dd8b0ef57b"
    transitive: false
  - urls:
    - "https://github.com/nbutton23/zxcvbn-go.git"
    - "git@github.com:nbutton23/zxcvbn-go.git"
    vcs: "git"
    name: "github.com/nbutton23/zxcvbn-go"
    commit: "780cc39d5c78bcc7a47926818c450bb6749b89af"
    transitive: false
  - name: "github.com/olekukonko/tablewriter"
    host:
      name: "github.com/coreos/etcd"
      commit: "b56fc94829d989589a71a64d89494614217b65a7"
      urls:
      - "https://github.com/coreos/etcd.git"
      - "git@github.com:coreos/etcd.git"
      vcs: "git"
    vendorPath: "vendor/github.com/olekukonko/tablewriter"
    transitive: false
  - urls:
    - "https://github.com/openzipkin/zipkin-go.git"
    - "git@github.com:openzipkin/zipkin-go.git"
    vcs: "git"
    name: "github.com/openzipkin/zipkin-go"
    commit: "f197ec29e729f226d23370ea60f0e49b8f44ccf4"
    transitive: false
  - urls:
    - "https://github.com/pelletier/go-toml.git"
    - "git@github.com:pelletier/go-toml.git"
    vcs: "git"
    name: "github.com/pelletier/go-toml"
    commit: "c01d1270ff3e442a8a57cddc1c92dc1138598194"
    transitive: false
  - name: "github.com/petar/GoLLRB"
    host:
      name: "github.com/coreos/etcd"
      commit: "b56fc94829d989589a71a64d89494614217b65a7"
      urls:
      - "https://github.com/coreos/etcd.git"
      - "git@github.com:coreos/etcd.git"
      vcs: "git"
    vendorPath: "vendor/github.com/petar/GoLLRB"
    transitive: false
  - urls:
    - "https://github.com/pierrec/lz4.git"
    - "git@github.com:pierrec/lz4.git"
    vcs: "git"
    name: "github.com/pierrec/lz4"
    commit: "6b9367c9ff401dbc54fabce3fb8d972e799b702d"
    transitive: false
  - urls:
    - "https://github.com/pkg/errors.git"
    - "git@github.com:pkg/errors.git"
    vcs: "git"
    name: "github.com/pkg/errors"
    commit: "816c9085562cd7ee03e7f8188a1cfd942858cded"
    transitive: false
  - urls:
    - "https://github.com/pkg/profile.git"
    - "git@github.com:pkg/profile.git"
    vcs: "git"
    name: "github.com/pkg/profile"
    commit: "5b67d428864e92711fcbd2f8629456121a56d91f"
    transitive: false
  - urls:
    - "https://github.com/pkg/sftp.git"
    - "git@github.com:pkg/sftp.git"
    vcs: "git"
    name: "github.com/pkg/sftp"
    commit: "57673e38ea946592a59c26592b7e6fbda646975b"
    transitive: false
  - name: "github.com/pmezard/go-difflib"
    host:
      name: "github.com/nbutton23/zxcvbn-go"
      commit: "780cc39d5c78bcc7a47926818c450bb6749b89af"
      urls:
      - "https://github.com/nbutton23/zxcvbn-go.git"
      - "git@github.com:nbutton23/zxcvbn-go.git"
      vcs: "git"
    vendorPath: "vendor/github.com/pmezard/go-difflib"
    transitive: false
  - name: "github.com/prometheus/client_golang"
    host:
      name: "github.com/coreos/etcd"
      commit: "b56fc94829d989589a71a64d89494614217b65a7"
      urls:
      - "https://github.com/coreos/etcd.git"
      - "git@github.com:coreos/etcd.git"
      vcs: "git"
    vendorPath: "vendor/github.com/prometheus/client_golang"
    transitive: false
  - name: "github.com/prometheus/client_model"
    host:
      name: "github.com/coreos/etcd"
      commit: "b56fc94829d989589a71a64d89494614217b65a7"
      urls:
      - "https://github.com/coreos/etcd.git"
      - "git@github.com:coreos/etcd.git"
      vcs: "git"
    vendorPath: "vendor/github.com/prometheus/client_model"
    transitive: false
  - name: "github.com/prometheus/common"
    host:
      name: "github.com/coreos/etcd"
      commit: "b56fc94829d989589a71a64d89494614217b65a7"
      urls:
      - "https://github.com/coreos/etcd.git"
      - "git@github.com:coreos/etcd.git"
      vcs: "git"
    vendorPath: "vendor/github.com/prometheus/common"
    transitive: false
  - name: "github.com/prometheus/procfs"
    host:
      name: "github.com/coreos/etcd"
      commit: "b56fc94829d989589a71a64d89494614217b65a7"
      urls:
      - "https://github.com/coreos/etcd.git"
      - "git@github.com:coreos/etcd.git"
      vcs: "git"
    vendorPath: "vendor/github.com/prometheus/procfs"
    transitive: false
  - urls:
    - "https://github.com/rcrowley/go-metrics.git"
    - "git@github.com:rcrowley/go-metrics.git"
    vcs: "git"
    name: "github.com/rcrowley/go-metrics"
    commit: "e2704e165165ec55d062f5919b4b29494e9fa790"
    transitive: false
  - name: "github.com/russross/blackfriday"
    host:
      name: "github.com/cpuguy83/go-md2man"
      commit: "691ee98543af2f262f35fbb54bdd42f00b9b9cc5"
      urls:
      - "https://github.com/cpuguy83/go-md2man.git"
      - "git@github.com:cpuguy83/go-md2man.git"
      vcs: "git"
    vendorPath: "vendor/github.com/russross/blackfriday"
    transitive: false
  - name: "github.com/shurcooL/sanitized_anchor_name"
    host:
      name: "github.com/cpuguy83/go-md2man"
      commit: "691ee98543af2f262f35fbb54bdd42f00b9b9cc5"
      urls:
      - "https://github.com/cpuguy83/go-md2man.git"
      - "git@github.com:cpuguy83/go-md2man.git"
      vcs: "git"
    vendorPath: "vendor/github.com/shurcooL/sanitized_anchor_name"
    transitive: false
  - name: "github.com/sirupsen/logrus"
    host:
      name: "github.com/coreos/etcd"
      commit: "b56fc94829d989589a71a64d89494614217b65a7"
      urls:
      - "https://github.com/coreos/etcd.git"
      - "git@github.com:coreos/etcd.git"
      vcs: "git"
    vendorPath: "vendor/github.com/sirupsen/logrus"
    transitive: false
  - name: "github.com/soheilhy/cmux"
    host:
      name: "github.com/coreos/etcd"
      commit: "b56fc94829d989589a71a64d89494614217b65a7"
      urls:
      - "https://github.com/coreos/etcd.git"
      - "git@github.com:coreos/etcd.git"
      vcs: "git"
    vendorPath: "vendor/github.com/soheilhy/cmux"
    transitive: false
  - urls:
    - "https://github.com/spf13/afero.git"
    - "git@github.com:spf13/afero.git"
    vcs: "git"
    name: "github.com/spf13/afero"
    commit: "787d034dfe70e44075ccc060d346146ef53270ad"
    transitive: false
  - urls:
    - "https://github.com/spf13/cast.git"
    - "git@github.com:spf13/cast.git"
    vcs: "git"
    name: "github.com/spf13/cast"
    commit: "8965335b8c7107321228e3e3702cab9832751bac"
    transitive: false
  - urls:
    - "https://github.com/spf13/cobra.git"
    - "git@github.com:spf13/cobra.git"
    vcs: "git"
    name: "github.com/spf13/cobra"
    commit: "1e58aa3361fd650121dceeedc399e7189c05674a"
    transitive: false
  - urls:
    - "https://github.com/spf13/jwalterweatherman.git"
    - "git@github.com:spf13/jwalterweatherman.git"
    vcs: "git"
    name: "github.com/spf13/jwalterweatherman"
    commit: "7c0cea34c8ece3fbeb2b27ab9b59511d360fb394"
    transitive: false
  - name: "github.com/spf13/pflag"
    host:
      name: "github.com/coreos/etcd"
      commit: "b56fc94829d989589a71a64d89494614217b65a7"
      urls:
      - "https://github.com/coreos/etcd.git"
      - "git@github.com:coreos/etcd.git"
      vcs: "git"
    vendorPath: "vendor/github.com/spf13/pflag"
    transitive: false
  - urls:
    - "https://github.com/spf13/viper.git"
    - "git@github.com:spf13/viper.git"
    vcs: "git"
    name: "github.com/spf13/viper"
    commit: "15738813a09db5c8e5b60a19d67d3f9bd38da3a4"
    transitive: false
  - urls:
    - "https://github.com/stathat/go.git"
    - "git@github.com:stathat/go.git"
    vcs: "git"
    name: "github.com/stathat/go"
    commit: "74669b9f388d9d788c97399a0824adbfee78400e"
    transitive: false
  - name: "github.com/stretchr/testify"
    host:
      name: "github.com/nbutton23/zxcvbn-go"
      commit: "780cc39d5c78bcc7a47926818c450bb6749b89af"
      urls:
      - "https://github.com/nbutton23/zxcvbn-go.git"
      - "git@github.com:nbutton23/zxcvbn-go.git"
      vcs: "git"
    vendorPath: "vendor/github.com/stretchr/testify"
    transitive: false
  - name: "github.com/tarm/serial"
    host:
      name: "golang.org/x/build"
      commit: "9b1b5cdabb26d3a6aeee8b2f01d84f64803bbf15"
      url: "https://go.googlesource.com/build"
      vcs: "git"
    vendorPath: "vendor/github.com/tarm/serial"
    transitive: false
  - name: "github.com/tmc/grpc-websocket-proxy"
    host:
      name: "github.com/coreos/etcd"
      commit: "b56fc94829d989589a71a64d89494614217b65a7"
      urls:
      - "https://github.com/coreos/etcd.git"
      - "git@github.com:coreos/etcd.git"
      vcs: "git"
    vendorPath: "vendor/github.com/tmc/grpc-websocket-proxy"
    transitive: false
  - name: "github.com/ugorji/go"
    host:
      name: "github.com/coreos/etcd"
      commit: "b56fc94829d989589a71a64d89494614217b65a7"
      urls:
      - "https://github.com/coreos/etcd.git"
      - "git@github.com:coreos/etcd.git"
      vcs: "git"
    vendorPath: "vendor/github.com/ugorji/go"
    transitive: false
  - name: "github.com/urfave/cli"
    host:
      name: "github.com/coreos/etcd"
      commit: "b56fc94829d989589a71a64d89494614217b65a7"
      urls:
      - "https://github.com/coreos/etcd.git"
      - "git@github.com:coreos/etcd.git"
      vcs: "git"
    vendorPath: "vendor/github.com/urfave/cli"
    transitive: false
  - name: "github.com/xiang90/probing"
    host:
      name: "github.com/coreos/etcd"
      commit: "b56fc94829d989589a71a64d89494614217b65a7"
      urls:
      - "https://github.com/coreos/etcd.git"
      - "git@github.com:coreos/etcd.git"
      vcs: "git"
    vendorPath: "vendor/github.com/xiang90/probing"
    transitive: false
  - urls:
    - "https://github.com/xordataexchange/crypt.git"
    - "git@github.com:xordataexchange/crypt.git"
    vcs: "git"
    name: "github.com/xordataexchange/crypt"
    commit: "b2862e3d0a775f18c7cfe02273500ae307b61218"
    transitive: false
  - vcs: "git"
    name: "go.opencensus.io"
    commit: "140879bf49cb17276aaf28b5f6a04e251ff98473"
    url: "https://github.com/census-instrumentation/opencensus-go"
    transitive: false
  - name: "go.uber.org/atomic"
    host:
      name: "github.com/coreos/etcd"
      commit: "b56fc94829d989589a71a64d89494614217b65a7"
      urls:
      - "https://github.com/coreos/etcd.git"
      - "git@github.com:coreos/etcd.git"
      vcs: "git"
    vendorPath: "vendor/go.uber.org/atomic"
    transitive: false
  - name: "go.uber.org/multierr"
    host:
      name: "github.com/coreos/etcd"
      commit: "b56fc94829d989589a71a64d89494614217b65a7"
      urls:
      - "https://github.com/coreos/etcd.git"
      - "git@github.com:coreos/etcd.git"
      vcs: "git"
    vendorPath: "vendor/go.uber.org/multierr"
    transitive: false
  - name: "go.uber.org/zap"
    host:
      name: "github.com/coreos/etcd"
      commit: "b56fc94829d989589a71a64d89494614217b65a7"
      urls:
      - "https://github.com/coreos/etcd.git"
      - "git@github.com:coreos/etcd.git"
      vcs: "git"
    vendorPath: "vendor/go.uber.org/zap"
    transitive: false
  - vcs: "git"
    name: "golang.org/x/build"
    commit: "9b1b5cdabb26d3a6aeee8b2f01d84f64803bbf15"
    url: "https://go.googlesource.com/build"
    transitive: false
  - vcs: "git"
    name: "golang.org/x/crypto"
    commit: "a49355c7e3f8fe157a85be2f77e6e269a0f89602"
    url: "https://go.googlesource.com/crypto"
    transitive: false
  - vcs: "git"
    name: "golang.org/x/net"
    commit: "e514e69ffb8bc3c76a71ae40de0118d794855992"
    url: "https://go.googlesource.com/net"
    transitive: false
  - vcs: "git"
    name: "golang.org/x/oauth2"
    commit: "ef147856a6ddbb60760db74283d2424e98c87bff"
    url: "https://go.googlesource.com/oauth2"
    transitive: false
  - vcs: "git"
    name: "golang.org/x/sync"
    commit: "1d60e4601c6fd243af51cc01ddf169918a5407ca"
    url: "https://go.googlesource.com/sync"
    transitive: false
  - vcs: "git"
    name: "golang.org/x/sys"
    commit: "7138fd3d9dc8335c567ca206f4333fb75eb05d56"
    url: "https://go.googlesource.com/sys"
    transitive: false
  - vcs: "git"
    name: "golang.org/x/text"
    commit: "5cec4b58c438bd98288aeb248bab2c1840713d21"
    url: "https://go.googlesource.com/text"
    transitive: false
  - name: "golang.org/x/time"
    host:
      name: "github.com/coreos/etcd"
      commit: "b56fc94829d989589a71a64d89494614217b65a7"
      urls:
      - "https://github.com/coreos/etcd.git"
      - "git@github.com:coreos/etcd.git"
      vcs: "git"
    vendorPath: "vendor/golang.org/x/time"
    transitive: false
  - vcs: "git"
    name: "golang.org/x/tools"
    commit: "16699b2d33e2654d743c50b4525ab7e73e346238"
    url: "https://go.googlesource.com/tools"
    transitive: false
  - vcs: "git"
    name: "google.golang.org/api"
    commit: "082d671a2a341aa205b22b580fa69747dcc3cdc8"
    url: "https://code.googlesource.com/google-api-go-client"
    transitive: false
  - vcs: "git"
    name: "google.golang.org/appengine"
    commit: "150dc57a1b433e64154302bdc40b6bb8aefa313a"
    url: "https://github.com/golang/appengine"
    transitive: false
  - vcs: "git"
    name: "google.golang.org/genproto"
    commit: "ff3583edef7de132f219f0efc00e097cabcc0ec0"
    url: "https://github.com/google/go-genproto"
    transitive: false
  - vcs: "git"
    name: "google.golang.org/grpc"
    commit: "40a879c23a0dc77234d17e0699d074d5fd151bd0"
    url: "https://github.com/grpc/grpc-go"
    transitive: false
  - name: "gopkg.in/cheggaaa/pb.v1"
    host:
      name: "github.com/coreos/etcd"
      commit: "b56fc94829d989589a71a64d89494614217b65a7"
      urls:
      - "https://github.com/coreos/etcd.git"
      - "git@github.com:coreos/etcd.git"
      vcs: "git"
    vendorPath: "vendor/gopkg.in/cheggaaa/pb.v1"
    transitive: false
  - name: "gopkg.in/yaml.v2"
    host:
      name: "github.com/coreos/etcd"
      commit: "b56fc94829d989589a71a64d89494614217b65a7"
      urls:
      - "https://github.com/coreos/etcd.git"
      - "git@github.com:coreos/etcd.git"
      vcs: "git"
    vendorPath: "vendor/gopkg.in/yaml.v2"
    transitive: false
  test: []
